// !$*UTF8*$!
{
	archiveVersion = 1;
	classes = {
	};
	objectVersion = 56;
	objects = {

/* Begin PBXBuildFile section */
		CC4ADEBB2C37697400E5A59F /* CentrosBondadViewModel.swift in Sources */ = {isa = PBXBuildFile; fileRef = CC4ADEAB2C37697400E5A59F /* CentrosBondadViewModel.swift */; };
		CC4ADEBC2C37697400E5A59F /* Assets.xcassets in Resources */ = {isa = PBXBuildFile; fileRef = CC4ADEAD2C37697400E5A59F /* Assets.xcassets */; };
		CC4ADEBD2C37697400E5A59F /* CentroBondadDetailView.swift in Sources */ = {isa = PBXBuildFile; fileRef = CC4ADEAE2C37697400E5A59F /* CentroBondadDetailView.swift */; };
		CC4ADEBE2C37697400E5A59F /* CentroBondadMapView.swift in Sources */ = {isa = PBXBuildFile; fileRef = CC4ADEAF2C37697400E5A59F /* CentroBondadMapView.swift */; };
		CC4ADEBF2C37697400E5A59F /* ContentView.swift in Sources */ = {isa = PBXBuildFile; fileRef = CC4ADEB02C37697400E5A59F /* ContentView.swift */; };
		CC4ADEC02C37697400E5A59F /* GenerosityApp.swift in Sources */ = {isa = PBXBuildFile; fileRef = CC4ADEB22C37697400E5A59F /* GenerosityApp.swift */; };
		CC4ADEC12C37697400E5A59F /* Preview Assets.xcassets in Resources */ = {isa = PBXBuildFile; fileRef = CC4ADEB32C37697400E5A59F /* Preview Assets.xcassets */; };
		CC4ADEC22C37697400E5A59F /* CentroBondadModel.swift in Sources */ = {isa = PBXBuildFile; fileRef = CC4ADEB52C37697400E5A59F /* CentroBondadModel.swift */; };
		CC4ADEC32C37697400E5A59F /* BlurView.swift in Sources */ = {isa = PBXBuildFile; fileRef = CC4ADEB72C37697400E5A59F /* BlurView.swift */; };
		CC4ADEC42C37697400E5A59F /* Constants.swift in Sources */ = {isa = PBXBuildFile; fileRef = CC4ADEB82C37697400E5A59F /* Constants.swift */; };
		CC4ADEC52C37697400E5A59F /* Networking.swift in Sources */ = {isa = PBXBuildFile; fileRef = CC4ADEB92C37697400E5A59F /* Networking.swift */; };
		CC735ED02C3CC5FB002E3FD8 /* CentroBondadListView.swift in Sources */ = {isa = PBXBuildFile; fileRef = CC735ECF2C3CC5FB002E3FD8 /* CentroBondadListView.swift */; };
/* End PBXBuildFile section */

/* Begin PBXFileReference section */
		CC4ADEAB2C37697400E5A59F /* CentrosBondadViewModel.swift */ = {isa = PBXFileReference; fileEncoding = 4; lastKnownFileType = sourcecode.swift; path = CentrosBondadViewModel.swift; sourceTree = "<group>"; };
		CC4ADEAD2C37697400E5A59F /* Assets.xcassets */ = {isa = PBXFileReference; lastKnownFileType = folder.assetcatalog; name = Assets.xcassets; path = Generosity/Assets.xcassets; sourceTree = "<group>"; };
		CC4ADEAE2C37697400E5A59F /* CentroBondadDetailView.swift */ = {isa = PBXFileReference; fileEncoding = 4; lastKnownFileType = sourcecode.swift; path = CentroBondadDetailView.swift; sourceTree = "<group>"; };
		CC4ADEAF2C37697400E5A59F /* CentroBondadMapView.swift */ = {isa = PBXFileReference; fileEncoding = 4; lastKnownFileType = sourcecode.swift; path = CentroBondadMapView.swift; sourceTree = "<group>"; };
		CC4ADEB02C37697400E5A59F /* ContentView.swift */ = {isa = PBXFileReference; fileEncoding = 4; lastKnownFileType = sourcecode.swift; path = ContentView.swift; sourceTree = "<group>"; };
		CC4ADEB22C37697400E5A59F /* GenerosityApp.swift */ = {isa = PBXFileReference; fileEncoding = 4; lastKnownFileType = sourcecode.swift; name = GenerosityApp.swift; path = Generosity/GenerosityApp.swift; sourceTree = "<group>"; };
		CC4ADEB32C37697400E5A59F /* Preview Assets.xcassets */ = {isa = PBXFileReference; lastKnownFileType = folder.assetcatalog; path = "Preview Assets.xcassets"; sourceTree = "<group>"; };
		CC4ADEB52C37697400E5A59F /* CentroBondadModel.swift */ = {isa = PBXFileReference; fileEncoding = 4; lastKnownFileType = sourcecode.swift; path = CentroBondadModel.swift; sourceTree = "<group>"; };
		CC4ADEB72C37697400E5A59F /* BlurView.swift */ = {isa = PBXFileReference; fileEncoding = 4; lastKnownFileType = sourcecode.swift; path = BlurView.swift; sourceTree = "<group>"; };
		CC4ADEB82C37697400E5A59F /* Constants.swift */ = {isa = PBXFileReference; fileEncoding = 4; lastKnownFileType = sourcecode.swift; path = Constants.swift; sourceTree = "<group>"; };
		CC4ADEB92C37697400E5A59F /* Networking.swift */ = {isa = PBXFileReference; fileEncoding = 4; lastKnownFileType = sourcecode.swift; path = Networking.swift; sourceTree = "<group>"; };
		CC735ECF2C3CC5FB002E3FD8 /* CentroBondadListView.swift */ = {isa = PBXFileReference; lastKnownFileType = sourcecode.swift; path = CentroBondadListView.swift; sourceTree = "<group>"; };
		CC9773692C2B4CF500CE3BD2 /* Generosity.app */ = {isa = PBXFileReference; explicitFileType = wrapper.application; includeInIndex = 0; path = Generosity.app; sourceTree = BUILT_PRODUCTS_DIR; };
/* End PBXFileReference section */

/* Begin PBXFrameworksBuildPhase section */
		CC9773662C2B4CF500CE3BD2 /* Frameworks */ = {
			isa = PBXFrameworksBuildPhase;
			buildActionMask = 2147483647;
			files = (
			);
			runOnlyForDeploymentPostprocessing = 0;
		};
/* End PBXFrameworksBuildPhase section */

/* Begin PBXGroup section */
		CC4ADEAC2C37697400E5A59F /* ViewModel */ = {
			isa = PBXGroup;
			children = (
				CC4ADEAB2C37697400E5A59F /* CentrosBondadViewModel.swift */,
			);
			name = ViewModel;
			path = Generosity/ViewModel;
			sourceTree = "<group>";
		};
		CC4ADEB12C37697400E5A59F /* View */ = {
			isa = PBXGroup;
			children = (
				CC4ADEAE2C37697400E5A59F /* CentroBondadDetailView.swift */,
				CC4ADEAF2C37697400E5A59F /* CentroBondadMapView.swift */,
				CC735ECF2C3CC5FB002E3FD8 /* CentroBondadListView.swift */,
				CC4ADEB02C37697400E5A59F /* ContentView.swift */,
			);
			name = View;
			path = Generosity/View;
			sourceTree = "<group>";
		};
		CC4ADEB42C37697400E5A59F /* Preview Content */ = {
			isa = PBXGroup;
			children = (
				CC4ADEB32C37697400E5A59F /* Preview Assets.xcassets */,
			);
			name = "Preview Content";
			path = "Generosity/Preview Content";
			sourceTree = "<group>";
		};
		CC4ADEB62C37697400E5A59F /* Model */ = {
			isa = PBXGroup;
			children = (
				CC4ADEB52C37697400E5A59F /* CentroBondadModel.swift */,
			);
			name = Model;
			path = Generosity/Model;
			sourceTree = "<group>";
		};
		CC4ADEBA2C37697400E5A59F /* Utilities */ = {
			isa = PBXGroup;
			children = (
				CC4ADEB72C37697400E5A59F /* BlurView.swift */,
				CC4ADEB82C37697400E5A59F /* Constants.swift */,
				CC4ADEB92C37697400E5A59F /* Networking.swift */,
			);
			name = Utilities;
			path = Generosity/Utilities;
			sourceTree = "<group>";
		};
		CC9773602C2B4CF500CE3BD2 = {
			isa = PBXGroup;
			children = (
				CC4ADEAD2C37697400E5A59F /* Assets.xcassets */,
				CC4ADEB22C37697400E5A59F /* GenerosityApp.swift */,
				CC4ADEB42C37697400E5A59F /* Preview Content */,
				CC4ADEB62C37697400E5A59F /* Model */,
				CC4ADEBA2C37697400E5A59F /* Utilities */,
				CC4ADEB12C37697400E5A59F /* View */,
				CC4ADEAC2C37697400E5A59F /* ViewModel */,
				CC97736A2C2B4CF500CE3BD2 /* Products */,
			);
			sourceTree = "<group>";
		};
		CC97736A2C2B4CF500CE3BD2 /* Products */ = {
			isa = PBXGroup;
			children = (
				CC9773692C2B4CF500CE3BD2 /* Generosity.app */,
			);
			name = Products;
			sourceTree = "<group>";
		};
/* End PBXGroup section */

/* Begin PBXNativeTarget section */
		CC9773682C2B4CF500CE3BD2 /* Generosity */ = {
			isa = PBXNativeTarget;
			buildConfigurationList = CC9773772C2B4CF600CE3BD2 /* Build configuration list for PBXNativeTarget "Generosity" */;
			buildPhases = (
				CC9773652C2B4CF500CE3BD2 /* Sources */,
				CC9773662C2B4CF500CE3BD2 /* Frameworks */,
				CC9773672C2B4CF500CE3BD2 /* Resources */,
			);
			buildRules = (
			);
			dependencies = (
			);
			name = Generosity;
			productName = Generosity;
			productReference = CC9773692C2B4CF500CE3BD2 /* Generosity.app */;
			productType = "com.apple.product-type.application";
		};
/* End PBXNativeTarget section */

/* Begin PBXProject section */
		CC9773612C2B4CF500CE3BD2 /* Project object */ = {
			isa = PBXProject;
			attributes = {
				BuildIndependentTargetsInParallel = 1;
				LastSwiftUpdateCheck = 1540;
				LastUpgradeCheck = 1540;
				TargetAttributes = {
					CC9773682C2B4CF500CE3BD2 = {
						CreatedOnToolsVersion = 15.4;
						LastSwiftMigration = 1540;
					};
				};
			};
			buildConfigurationList = CC9773642C2B4CF500CE3BD2 /* Build configuration list for PBXProject "Generosity" */;
			compatibilityVersion = "Xcode 14.0";
			developmentRegion = en;
			hasScannedForEncodings = 0;
			knownRegions = (
				en,
				Base,
			);
			mainGroup = CC9773602C2B4CF500CE3BD2;
			productRefGroup = CC97736A2C2B4CF500CE3BD2 /* Products */;
			projectDirPath = "";
			projectRoot = "";
			targets = (
				CC9773682C2B4CF500CE3BD2 /* Generosity */,
			);
		};
/* End PBXProject section */

/* Begin PBXResourcesBuildPhase section */
		CC9773672C2B4CF500CE3BD2 /* Resources */ = {
			isa = PBXResourcesBuildPhase;
			buildActionMask = 2147483647;
			files = (
				CC4ADEC12C37697400E5A59F /* Preview Assets.xcassets in Resources */,
				CC4ADEBC2C37697400E5A59F /* Assets.xcassets in Resources */,
			);
			runOnlyForDeploymentPostprocessing = 0;
		};
/* End PBXResourcesBuildPhase section */

/* Begin PBXSourcesBuildPhase section */
		CC9773652C2B4CF500CE3BD2 /* Sources */ = {
			isa = PBXSourcesBuildPhase;
			buildActionMask = 2147483647;
			files = (
				CC4ADEBD2C37697400E5A59F /* CentroBondadDetailView.swift in Sources */,
				CC4ADEC32C37697400E5A59F /* BlurView.swift in Sources */,
				CC4ADEBB2C37697400E5A59F /* CentrosBondadViewModel.swift in Sources */,
				CC4ADEC52C37697400E5A59F /* Networking.swift in Sources */,
				CC4ADEC22C37697400E5A59F /* CentroBondadModel.swift in Sources */,
				CC4ADEBF2C37697400E5A59F /* ContentView.swift in Sources */,
				CC4ADEBE2C37697400E5A59F /* CentroBondadMapView.swift in Sources */,
				CC4ADEC02C37697400E5A59F /* GenerosityApp.swift in Sources */,
				CC4ADEC42C37697400E5A59F /* Constants.swift in Sources */,
				CC735ED02C3CC5FB002E3FD8 /* CentroBondadListView.swift in Sources */,
			);
			runOnlyForDeploymentPostprocessing = 0;
		};
/* End PBXSourcesBuildPhase section */

/* Begin XCBuildConfiguration section */
		CC9773752C2B4CF600CE3BD2 /* Debug */ = {
			isa = XCBuildConfiguration;
			buildSettings = {
				ALWAYS_SEARCH_USER_PATHS = NO;
				ASSETCATALOG_COMPILER_GENERATE_SWIFT_ASSET_SYMBOL_EXTENSIONS = YES;
				CLANG_ANALYZER_NONNULL = YES;
				CLANG_ANALYZER_NUMBER_OBJECT_CONVERSION = YES_AGGRESSIVE;
				CLANG_CXX_LANGUAGE_STANDARD = "gnu++20";
				CLANG_ENABLE_MODULES = YES;
				CLANG_ENABLE_OBJC_ARC = YES;
				CLANG_ENABLE_OBJC_WEAK = YES;
				CLANG_WARN_BLOCK_CAPTURE_AUTORELEASING = YES;
				CLANG_WARN_BOOL_CONVERSION = YES;
				CLANG_WARN_COMMA = YES;
				CLANG_WARN_CONSTANT_CONVERSION = YES;
				CLANG_WARN_DEPRECATED_OBJC_IMPLEMENTATIONS = YES;
				CLANG_WARN_DIRECT_OBJC_ISA_USAGE = YES_ERROR;
				CLANG_WARN_DOCUMENTATION_COMMENTS = YES;
				CLANG_WARN_EMPTY_BODY = YES;
				CLANG_WARN_ENUM_CONVERSION = YES;
				CLANG_WARN_INFINITE_RECURSION = YES;
				CLANG_WARN_INT_CONVERSION = YES;
				CLANG_WARN_NON_LITERAL_NULL_CONVERSION = YES;
				CLANG_WARN_OBJC_IMPLICIT_RETAIN_SELF = YES;
				CLANG_WARN_OBJC_LITERAL_CONVERSION = YES;
				CLANG_WARN_OBJC_ROOT_CLASS = YES_ERROR;
				CLANG_WARN_QUOTED_INCLUDE_IN_FRAMEWORK_HEADER = YES;
				CLANG_WARN_RANGE_LOOP_ANALYSIS = YES;
				CLANG_WARN_STRICT_PROTOTYPES = YES;
				CLANG_WARN_SUSPICIOUS_MOVE = YES;
				CLANG_WARN_UNGUARDED_AVAILABILITY = YES_AGGRESSIVE;
				CLANG_WARN_UNREACHABLE_CODE = YES;
				CLANG_WARN__DUPLICATE_METHOD_MATCH = YES;
				COPY_PHASE_STRIP = NO;
				DEBUG_INFORMATION_FORMAT = dwarf;
				ENABLE_STRICT_OBJC_MSGSEND = YES;
				ENABLE_TESTABILITY = YES;
				ENABLE_USER_SCRIPT_SANDBOXING = YES;
				GCC_C_LANGUAGE_STANDARD = gnu17;
				GCC_DYNAMIC_NO_PIC = NO;
				GCC_NO_COMMON_BLOCKS = YES;
				GCC_OPTIMIZATION_LEVEL = 0;
				GCC_PREPROCESSOR_DEFINITIONS = (
					"DEBUG=1",
					"$(inherited)",
				);
				GCC_WARN_64_TO_32_BIT_CONVERSION = YES;
				GCC_WARN_ABOUT_RETURN_TYPE = YES_ERROR;
				GCC_WARN_UNDECLARED_SELECTOR = YES;
				GCC_WARN_UNINITIALIZED_AUTOS = YES_AGGRESSIVE;
				GCC_WARN_UNUSED_FUNCTION = YES;
				GCC_WARN_UNUSED_VARIABLE = YES;
				IPHONEOS_DEPLOYMENT_TARGET = 17.5;
				LOCALIZATION_PREFERS_STRING_CATALOGS = YES;
				MTL_ENABLE_DEBUG_INFO = INCLUDE_SOURCE;
				MTL_FAST_MATH = YES;
				ONLY_ACTIVE_ARCH = YES;
				SDKROOT = iphoneos;
				SWIFT_ACTIVE_COMPILATION_CONDITIONS = "DEBUG $(inherited)";
				SWIFT_OPTIMIZATION_LEVEL = "-Onone";
			};
			name = Debug;
		};
		CC9773762C2B4CF600CE3BD2 /* Release */ = {
			isa = XCBuildConfiguration;
			buildSettings = {
				ALWAYS_SEARCH_USER_PATHS = NO;
				ASSETCATALOG_COMPILER_GENERATE_SWIFT_ASSET_SYMBOL_EXTENSIONS = YES;
				CLANG_ANALYZER_NONNULL = YES;
				CLANG_ANALYZER_NUMBER_OBJECT_CONVERSION = YES_AGGRESSIVE;
				CLANG_CXX_LANGUAGE_STANDARD = "gnu++20";
				CLANG_ENABLE_MODULES = YES;
				CLANG_ENABLE_OBJC_ARC = YES;
				CLANG_ENABLE_OBJC_WEAK = YES;
				CLANG_WARN_BLOCK_CAPTURE_AUTORELEASING = YES;
				CLANG_WARN_BOOL_CONVERSION = YES;
				CLANG_WARN_COMMA = YES;
				CLANG_WARN_CONSTANT_CONVERSION = YES;
				CLANG_WARN_DEPRECATED_OBJC_IMPLEMENTATIONS = YES;
				CLANG_WARN_DIRECT_OBJC_ISA_USAGE = YES_ERROR;
				CLANG_WARN_DOCUMENTATION_COMMENTS = YES;
				CLANG_WARN_EMPTY_BODY = YES;
				CLANG_WARN_ENUM_CONVERSION = YES;
				CLANG_WARN_INFINITE_RECURSION = YES;
				CLANG_WARN_INT_CONVERSION = YES;
				CLANG_WARN_NON_LITERAL_NULL_CONVERSION = YES;
				CLANG_WARN_OBJC_IMPLICIT_RETAIN_SELF = YES;
				CLANG_WARN_OBJC_LITERAL_CONVERSION = YES;
				CLANG_WARN_OBJC_ROOT_CLASS = YES_ERROR;
				CLANG_WARN_QUOTED_INCLUDE_IN_FRAMEWORK_HEADER = YES;
				CLANG_WARN_RANGE_LOOP_ANALYSIS = YES;
				CLANG_WARN_STRICT_PROTOTYPES = YES;
				CLANG_WARN_SUSPICIOUS_MOVE = YES;
				CLANG_WARN_UNGUARDED_AVAILABILITY = YES_AGGRESSIVE;
				CLANG_WARN_UNREACHABLE_CODE = YES;
				CLANG_WARN__DUPLICATE_METHOD_MATCH = YES;
				COPY_PHASE_STRIP = NO;
				DEBUG_INFORMATION_FORMAT = "dwarf-with-dsym";
				ENABLE_NS_ASSERTIONS = NO;
				ENABLE_STRICT_OBJC_MSGSEND = YES;
				ENABLE_USER_SCRIPT_SANDBOXING = YES;
				GCC_C_LANGUAGE_STANDARD = gnu17;
				GCC_NO_COMMON_BLOCKS = YES;
				GCC_WARN_64_TO_32_BIT_CONVERSION = YES;
				GCC_WARN_ABOUT_RETURN_TYPE = YES_ERROR;
				GCC_WARN_UNDECLARED_SELECTOR = YES;
				GCC_WARN_UNINITIALIZED_AUTOS = YES_AGGRESSIVE;
				GCC_WARN_UNUSED_FUNCTION = YES;
				GCC_WARN_UNUSED_VARIABLE = YES;
				IPHONEOS_DEPLOYMENT_TARGET = 17.5;
				LOCALIZATION_PREFERS_STRING_CATALOGS = YES;
				MTL_ENABLE_DEBUG_INFO = NO;
				MTL_FAST_MATH = YES;
				SDKROOT = iphoneos;
				SWIFT_COMPILATION_MODE = wholemodule;
				VALIDATE_PRODUCT = YES;
			};
			name = Release;
		};
		CC9773782C2B4CF600CE3BD2 /* Debug */ = {
			isa = XCBuildConfiguration;
			buildSettings = {
				ASSETCATALOG_COMPILER_APPICON_NAME = AppIcon;
				ASSETCATALOG_COMPILER_GLOBAL_ACCENT_COLOR_NAME = AccentColor;
				CLANG_ENABLE_MODULES = YES;
				CODE_SIGN_STYLE = Automatic;
				CURRENT_PROJECT_VERSION = 1;
				DEVELOPMENT_ASSET_PATHS = Generosity/View/ContentView.swift;
				DEVELOPMENT_TEAM = TR6XA675H4;
				ENABLE_PREVIEWS = YES;
				GENERATE_INFOPLIST_FILE = YES;
				INFOPLIST_KEY_UIApplicationSceneManifest_Generation = YES;
				INFOPLIST_KEY_UIApplicationSupportsIndirectInputEvents = YES;
				INFOPLIST_KEY_UILaunchScreen_Generation = YES;
				INFOPLIST_KEY_UISupportedInterfaceOrientations_iPad = "UIInterfaceOrientationPortrait UIInterfaceOrientationPortraitUpsideDown UIInterfaceOrientationLandscapeLeft UIInterfaceOrientationLandscapeRight";
				INFOPLIST_KEY_UISupportedInterfaceOrientations_iPhone = "UIInterfaceOrientationPortrait UIInterfaceOrientationLandscapeLeft UIInterfaceOrientationLandscapeRight";
				IPHONEOS_DEPLOYMENT_TARGET = 17.5;
				LD_RUNPATH_SEARCH_PATHS = (
					"$(inherited)",
					"@executable_path/Frameworks",
				);
				MARKETING_VERSION = 1.0;
				PRODUCT_BUNDLE_IDENTIFIER = dev.sacrecoeur.Generosity;
				PRODUCT_NAME = "$(TARGET_NAME)";
				SWIFT_EMIT_LOC_STRINGS = YES;
				SWIFT_OPTIMIZATION_LEVEL = "-Onone";
				SWIFT_VERSION = 5.0;
				TARGETED_DEVICE_FAMILY = "1,2";
			};
			name = Debug;
		};
		CC9773792C2B4CF600CE3BD2 /* Release */ = {
			isa = XCBuildConfiguration;
			buildSettings = {
				ASSETCATALOG_COMPILER_APPICON_NAME = AppIcon;
				ASSETCATALOG_COMPILER_GLOBAL_ACCENT_COLOR_NAME = AccentColor;
				CLANG_ENABLE_MODULES = YES;
				CODE_SIGN_STYLE = Automatic;
				CURRENT_PROJECT_VERSION = 1;
				DEVELOPMENT_ASSET_PATHS = Generosity/View/ContentView.swift;
				DEVELOPMENT_TEAM = TR6XA675H4;
				ENABLE_PREVIEWS = YES;
				GENERATE_INFOPLIST_FILE = YES;
				INFOPLIST_KEY_UIApplicationSceneManifest_Generation = YES;
				INFOPLIST_KEY_UIApplicationSupportsIndirectInputEvents = YES;
				INFOPLIST_KEY_UILaunchScreen_Generation = YES;
				INFOPLIST_KEY_UISupportedInterfaceOrientations_iPad = "UIInterfaceOrientationPortrait UIInterfaceOrientationPortraitUpsideDown UIInterfaceOrientationLandscapeLeft UIInterfaceOrientationLandscapeRight";
				INFOPLIST_KEY_UISupportedInterfaceOrientations_iPhone = "UIInterfaceOrientationPortrait UIInterfaceOrientationLandscapeLeft UIInterfaceOrientationLandscapeRight";
				IPHONEOS_DEPLOYMENT_TARGET = 17.5;
				LD_RUNPATH_SEARCH_PATHS = (
					"$(inherited)",
					"@executable_path/Frameworks",
				);
				MARKETING_VERSION = 1.0;
				PRODUCT_BUNDLE_IDENTIFIER = dev.sacrecoeur.Generosity;
				PRODUCT_NAME = "$(TARGET_NAME)";
				SWIFT_EMIT_LOC_STRINGS = YES;
				SWIFT_VERSION = 5.0;
				TARGETED_DEVICE_FAMILY = "1,2";
			};
			name = Release;
		};
/* End XCBuildConfiguration section */

/* Begin XCConfigurationList section */
		CC9773642C2B4CF500CE3BD2 /* Build configuration list for PBXProject "Generosity" */ = {
			isa = XCConfigurationList;
			buildConfigurations = (
				CC9773752C2B4CF600CE3BD2 /* Debug */,
				CC9773762C2B4CF600CE3BD2 /* Release */,
			);
			defaultConfigurationIsVisible = 0;
			defaultConfigurationName = Release;
		};
		CC9773772C2B4CF600CE3BD2 /* Build configuration list for PBXNativeTarget "Generosity" */ = {
			isa = XCConfigurationList;
			buildConfigurations = (
				CC9773782C2B4CF600CE3BD2 /* Debug */,
				CC9773792C2B4CF600CE3BD2 /* Release */,
			);
			defaultConfigurationIsVisible = 0;
			defaultConfigurationName = Release;
		};
/* End XCConfigurationList section */
	};
	rootObject = CC9773612C2B4CF500CE3BD2 /* Project object */;
}
